// !$*UTF8*$!
{
	archiveVersion = 1;
	classes = {
	};
	objectVersion = 55;
	objects = {

/* Begin PBXBuildFile section */
		4D7EC99028391CC200530873 /* AppDelegate.swift in Sources */ = {isa = PBXBuildFile; fileRef = 4D7EC98F28391CC200530873 /* AppDelegate.swift */; };
		4D7EC99228391CC200530873 /* SceneDelegate.swift in Sources */ = {isa = PBXBuildFile; fileRef = 4D7EC99128391CC200530873 /* SceneDelegate.swift */; };
		4D7EC99428391CC200530873 /* NavigationController.swift in Sources */ = {isa = PBXBuildFile; fileRef = 4D7EC99328391CC200530873 /* NavigationController.swift */; };
		4D7EC99728391CC200530873 /* Main.storyboard in Resources */ = {isa = PBXBuildFile; fileRef = 4D7EC99528391CC200530873 /* Main.storyboard */; };
		4D7EC99928391CC400530873 /* Assets.xcassets in Resources */ = {isa = PBXBuildFile; fileRef = 4D7EC99828391CC400530873 /* Assets.xcassets */; };
		4D7EC99C28391CC400530873 /* LaunchScreen.storyboard in Resources */ = {isa = PBXBuildFile; fileRef = 4D7EC99A28391CC400530873 /* LaunchScreen.storyboard */; };
		4DD44D1028392D3D00735B68 /* TextInputField.swift in Sources */ = {isa = PBXBuildFile; fileRef = 4DD44D0F28392D3D00735B68 /* TextInputField.swift */; };
		4DD44D12283933FF00735B68 /* PasswordViewController.swift in Sources */ = {isa = PBXBuildFile; fileRef = 4DD44D11283933FF00735B68 /* PasswordViewController.swift */; };
		4DD44D142839363400735B68 /* LoginViewController.swift in Sources */ = {isa = PBXBuildFile; fileRef = 4DD44D132839363400735B68 /* LoginViewController.swift */; };
		4DD44D17283A6E8800735B68 /* TextInputFieldViewModel.swift in Sources */ = {isa = PBXBuildFile; fileRef = 4DD44D16283A6E8800735B68 /* TextInputFieldViewModel.swift */; };
		4DD44D19283AA7B000735B68 /* CustomTextField.swift in Sources */ = {isa = PBXBuildFile; fileRef = 4DD44D18283AA7B000735B68 /* CustomTextField.swift */; };
		4DD44D1C283B807E00735B68 /* Constants.swift in Sources */ = {isa = PBXBuildFile; fileRef = 4DD44D1B283B807E00735B68 /* Constants.swift */; };
		4DD44D1E283BA01000735B68 /* VerificationViewController.swift in Sources */ = {isa = PBXBuildFile; fileRef = 4DD44D1D283BA01000735B68 /* VerificationViewController.swift */; };
		4DD44D20283BA02F00735B68 /* UserIDViewController.swift in Sources */ = {isa = PBXBuildFile; fileRef = 4DD44D1F283BA02F00735B68 /* UserIDViewController.swift */; };
		4DD44D22283BA05F00735B68 /* TrackListViewController.swift in Sources */ = {isa = PBXBuildFile; fileRef = 4DD44D21283BA05F00735B68 /* TrackListViewController.swift */; };
		4DD44D24283BA3BB00735B68 /* DataFlow.swift in Sources */ = {isa = PBXBuildFile; fileRef = 4DD44D23283BA3BB00735B68 /* DataFlow.swift */; };
		4DD44D28283CF15500735B68 /* UIViewController+Extension.swift in Sources */ = {isa = PBXBuildFile; fileRef = 4DD44D27283CF15500735B68 /* UIViewController+Extension.swift */; };
/* End PBXBuildFile section */

/* Begin PBXFileReference section */
		4D7EC98C28391CC200530873 /* AddMusicVK.app */ = {isa = PBXFileReference; explicitFileType = wrapper.application; includeInIndex = 0; path = AddMusicVK.app; sourceTree = BUILT_PRODUCTS_DIR; };
		4D7EC98F28391CC200530873 /* AppDelegate.swift */ = {isa = PBXFileReference; lastKnownFileType = sourcecode.swift; path = AppDelegate.swift; sourceTree = "<group>"; };
		4D7EC99128391CC200530873 /* SceneDelegate.swift */ = {isa = PBXFileReference; lastKnownFileType = sourcecode.swift; path = SceneDelegate.swift; sourceTree = "<group>"; };
		4D7EC99328391CC200530873 /* NavigationController.swift */ = {isa = PBXFileReference; lastKnownFileType = sourcecode.swift; path = NavigationController.swift; sourceTree = "<group>"; };
		4D7EC99628391CC200530873 /* Base */ = {isa = PBXFileReference; lastKnownFileType = file.storyboard; name = Base; path = Base.lproj/Main.storyboard; sourceTree = "<group>"; };
		4D7EC99828391CC400530873 /* Assets.xcassets */ = {isa = PBXFileReference; lastKnownFileType = folder.assetcatalog; path = Assets.xcassets; sourceTree = "<group>"; };
		4D7EC99B28391CC400530873 /* Base */ = {isa = PBXFileReference; lastKnownFileType = file.storyboard; name = Base; path = Base.lproj/LaunchScreen.storyboard; sourceTree = "<group>"; };
		4D7EC99D28391CC400530873 /* Info.plist */ = {isa = PBXFileReference; lastKnownFileType = text.plist.xml; path = Info.plist; sourceTree = "<group>"; };
		4DD44D0F28392D3D00735B68 /* TextInputField.swift */ = {isa = PBXFileReference; lastKnownFileType = sourcecode.swift; path = TextInputField.swift; sourceTree = "<group>"; };
		4DD44D11283933FF00735B68 /* PasswordViewController.swift */ = {isa = PBXFileReference; lastKnownFileType = sourcecode.swift; path = PasswordViewController.swift; sourceTree = "<group>"; };
		4DD44D132839363400735B68 /* LoginViewController.swift */ = {isa = PBXFileReference; lastKnownFileType = sourcecode.swift; path = LoginViewController.swift; sourceTree = "<group>"; };
		4DD44D16283A6E8800735B68 /* TextInputFieldViewModel.swift */ = {isa = PBXFileReference; lastKnownFileType = sourcecode.swift; path = TextInputFieldViewModel.swift; sourceTree = "<group>"; };
		4DD44D18283AA7B000735B68 /* CustomTextField.swift */ = {isa = PBXFileReference; lastKnownFileType = sourcecode.swift; path = CustomTextField.swift; sourceTree = "<group>"; };
		4DD44D1B283B807E00735B68 /* Constants.swift */ = {isa = PBXFileReference; lastKnownFileType = sourcecode.swift; path = Constants.swift; sourceTree = "<group>"; };
		4DD44D1D283BA01000735B68 /* VerificationViewController.swift */ = {isa = PBXFileReference; lastKnownFileType = sourcecode.swift; path = VerificationViewController.swift; sourceTree = "<group>"; };
		4DD44D1F283BA02F00735B68 /* UserIDViewController.swift */ = {isa = PBXFileReference; lastKnownFileType = sourcecode.swift; path = UserIDViewController.swift; sourceTree = "<group>"; };
		4DD44D21283BA05F00735B68 /* TrackListViewController.swift */ = {isa = PBXFileReference; lastKnownFileType = sourcecode.swift; path = TrackListViewController.swift; sourceTree = "<group>"; };
		4DD44D23283BA3BB00735B68 /* DataFlow.swift */ = {isa = PBXFileReference; lastKnownFileType = sourcecode.swift; path = DataFlow.swift; sourceTree = "<group>"; };
		4DD44D27283CF15500735B68 /* UIViewController+Extension.swift */ = {isa = PBXFileReference; lastKnownFileType = sourcecode.swift; path = "UIViewController+Extension.swift"; sourceTree = "<group>"; };
/* End PBXFileReference section */

/* Begin PBXFrameworksBuildPhase section */
		4D7EC98928391CC200530873 /* Frameworks */ = {
			isa = PBXFrameworksBuildPhase;
			buildActionMask = 2147483647;
			files = (
			);
			runOnlyForDeploymentPostprocessing = 0;
		};
/* End PBXFrameworksBuildPhase section */

/* Begin PBXGroup section */
		4D7EC98328391CC200530873 = {
			isa = PBXGroup;
			children = (
				4D7EC98E28391CC200530873 /* AddMusicVK */,
				4D7EC98D28391CC200530873 /* Products */,
			);
			sourceTree = "<group>";
		};
		4D7EC98D28391CC200530873 /* Products */ = {
			isa = PBXGroup;
			children = (
				4D7EC98C28391CC200530873 /* AddMusicVK.app */,
			);
			name = Products;
			sourceTree = "<group>";
		};
		4D7EC98E28391CC200530873 /* AddMusicVK */ = {
			isa = PBXGroup;
			children = (
				4DD44D26283CF0E600735B68 /* Extensions */,
				4DD44D1A283B806A00735B68 /* Constants */,
				4DD44D15283A6D7800735B68 /* Models */,
				4DD44D0E28392CA600735B68 /* Views */,
				4D7EC9A528391EED00530873 /* ViewControllers */,
				4D7EC9A428391EE000530873 /* Storyboards */,
				4D7EC9A628391EFE00530873 /* App */,
				4D7EC9A328391ECD00530873 /* Resources */,
			);
			path = AddMusicVK;
			sourceTree = "<group>";
		};
		4D7EC9A328391ECD00530873 /* Resources */ = {
			isa = PBXGroup;
			children = (
				4D7EC99828391CC400530873 /* Assets.xcassets */,
			);
			path = Resources;
			sourceTree = "<group>";
		};
		4D7EC9A428391EE000530873 /* Storyboards */ = {
			isa = PBXGroup;
			children = (
				4D7EC99A28391CC400530873 /* LaunchScreen.storyboard */,
				4D7EC99528391CC200530873 /* Main.storyboard */,
			);
			path = Storyboards;
			sourceTree = "<group>";
		};
		4D7EC9A528391EED00530873 /* ViewControllers */ = {
			isa = PBXGroup;
			children = (
				4D7EC99328391CC200530873 /* NavigationController.swift */,
				4DD44D132839363400735B68 /* LoginViewController.swift */,
				4DD44D11283933FF00735B68 /* PasswordViewController.swift */,
				4DD44D1D283BA01000735B68 /* VerificationViewController.swift */,
				4DD44D1F283BA02F00735B68 /* UserIDViewController.swift */,
				4DD44D21283BA05F00735B68 /* TrackListViewController.swift */,
			);
			path = ViewControllers;
			sourceTree = "<group>";
		};
		4D7EC9A628391EFE00530873 /* App */ = {
			isa = PBXGroup;
			children = (
				4D7EC98F28391CC200530873 /* AppDelegate.swift */,
				4D7EC99128391CC200530873 /* SceneDelegate.swift */,
				4D7EC99D28391CC400530873 /* Info.plist */,
			);
			path = App;
			sourceTree = "<group>";
		};
		4DD44D0E28392CA600735B68 /* Views */ = {
			isa = PBXGroup;
			children = (
				4DD44D0F28392D3D00735B68 /* TextInputField.swift */,
				4DD44D18283AA7B000735B68 /* CustomTextField.swift */,
			);
			path = Views;
			sourceTree = "<group>";
		};
		4DD44D15283A6D7800735B68 /* Models */ = {
			isa = PBXGroup;
			children = (
				4DD44D16283A6E8800735B68 /* TextInputFieldViewModel.swift */,
				4DD44D23283BA3BB00735B68 /* DataFlow.swift */,
			);
			path = Models;
			sourceTree = "<group>";
		};
		4DD44D1A283B806A00735B68 /* Constants */ = {
			isa = PBXGroup;
			children = (
				4DD44D1B283B807E00735B68 /* Constants.swift */,
			);
			path = Constants;
			sourceTree = "<group>";
		};
		4DD44D26283CF0E600735B68 /* Extensions */ = {
			isa = PBXGroup;
			children = (
				4DD44D27283CF15500735B68 /* UIViewController+Extension.swift */,
			);
			path = Extensions;
			sourceTree = "<group>";
		};
/* End PBXGroup section */

/* Begin PBXNativeTarget section */
		4D7EC98B28391CC200530873 /* AddMusicVK */ = {
			isa = PBXNativeTarget;
			buildConfigurationList = 4D7EC9A028391CC400530873 /* Build configuration list for PBXNativeTarget "AddMusicVK" */;
			buildPhases = (
				4D7EC98828391CC200530873 /* Sources */,
				4D7EC98928391CC200530873 /* Frameworks */,
				4D7EC98A28391CC200530873 /* Resources */,
			);
			buildRules = (
			);
			dependencies = (
			);
			name = AddMusicVK;
			productName = AddMusicVK;
			productReference = 4D7EC98C28391CC200530873 /* AddMusicVK.app */;
			productType = "com.apple.product-type.application";
		};
/* End PBXNativeTarget section */

/* Begin PBXProject section */
		4D7EC98428391CC200530873 /* Project object */ = {
			isa = PBXProject;
			attributes = {
				BuildIndependentTargetsInParallel = 1;
				LastSwiftUpdateCheck = 1340;
				LastUpgradeCheck = 1340;
				TargetAttributes = {
					4D7EC98B28391CC200530873 = {
						CreatedOnToolsVersion = 13.4;
					};
				};
			};
			buildConfigurationList = 4D7EC98728391CC200530873 /* Build configuration list for PBXProject "AddMusicVK" */;
			compatibilityVersion = "Xcode 13.0";
			developmentRegion = en;
			hasScannedForEncodings = 0;
			knownRegions = (
				en,
				Base,
			);
			mainGroup = 4D7EC98328391CC200530873;
			productRefGroup = 4D7EC98D28391CC200530873 /* Products */;
			projectDirPath = "";
			projectRoot = "";
			targets = (
				4D7EC98B28391CC200530873 /* AddMusicVK */,
			);
		};
/* End PBXProject section */

/* Begin PBXResourcesBuildPhase section */
		4D7EC98A28391CC200530873 /* Resources */ = {
			isa = PBXResourcesBuildPhase;
			buildActionMask = 2147483647;
			files = (
				4D7EC99C28391CC400530873 /* LaunchScreen.storyboard in Resources */,
				4D7EC99928391CC400530873 /* Assets.xcassets in Resources */,
				4D7EC99728391CC200530873 /* Main.storyboard in Resources */,
			);
			runOnlyForDeploymentPostprocessing = 0;
		};
/* End PBXResourcesBuildPhase section */

/* Begin PBXSourcesBuildPhase section */
		4D7EC98828391CC200530873 /* Sources */ = {
			isa = PBXSourcesBuildPhase;
			buildActionMask = 2147483647;
			files = (
				4DD44D12283933FF00735B68 /* PasswordViewController.swift in Sources */,
				4DD44D1028392D3D00735B68 /* TextInputField.swift in Sources */,
				4DD44D1E283BA01000735B68 /* VerificationViewController.swift in Sources */,
				4DD44D24283BA3BB00735B68 /* DataFlow.swift in Sources */,
				4DD44D28283CF15500735B68 /* UIViewController+Extension.swift in Sources */,
				4DD44D20283BA02F00735B68 /* UserIDViewController.swift in Sources */,
				4D7EC99428391CC200530873 /* NavigationController.swift in Sources */,
				4D7EC99028391CC200530873 /* AppDelegate.swift in Sources */,
				4DD44D19283AA7B000735B68 /* CustomTextField.swift in Sources */,
				4DD44D17283A6E8800735B68 /* TextInputFieldViewModel.swift in Sources */,
				4DD44D22283BA05F00735B68 /* TrackListViewController.swift in Sources */,
				4DD44D142839363400735B68 /* LoginViewController.swift in Sources */,
				4D7EC99228391CC200530873 /* SceneDelegate.swift in Sources */,
				4DD44D1C283B807E00735B68 /* Constants.swift in Sources */,
			);
			runOnlyForDeploymentPostprocessing = 0;
		};
/* End PBXSourcesBuildPhase section */

/* Begin PBXVariantGroup section */
		4D7EC99528391CC200530873 /* Main.storyboard */ = {
			isa = PBXVariantGroup;
			children = (
				4D7EC99628391CC200530873 /* Base */,
			);
			name = Main.storyboard;
			sourceTree = "<group>";
		};
		4D7EC99A28391CC400530873 /* LaunchScreen.storyboard */ = {
			isa = PBXVariantGroup;
			children = (
				4D7EC99B28391CC400530873 /* Base */,
			);
			name = LaunchScreen.storyboard;
			sourceTree = "<group>";
		};
/* End PBXVariantGroup section */

/* Begin XCBuildConfiguration section */
		4D7EC99E28391CC400530873 /* Debug */ = {
			isa = XCBuildConfiguration;
			buildSettings = {
				ALWAYS_SEARCH_USER_PATHS = NO;
				CLANG_ANALYZER_NONNULL = YES;
				CLANG_ANALYZER_NUMBER_OBJECT_CONVERSION = YES_AGGRESSIVE;
				CLANG_CXX_LANGUAGE_STANDARD = "gnu++17";
				CLANG_ENABLE_MODULES = YES;
				CLANG_ENABLE_OBJC_ARC = YES;
				CLANG_ENABLE_OBJC_WEAK = YES;
				CLANG_WARN_BLOCK_CAPTURE_AUTORELEASING = YES;
				CLANG_WARN_BOOL_CONVERSION = YES;
				CLANG_WARN_COMMA = YES;
				CLANG_WARN_CONSTANT_CONVERSION = YES;
				CLANG_WARN_DEPRECATED_OBJC_IMPLEMENTATIONS = YES;
				CLANG_WARN_DIRECT_OBJC_ISA_USAGE = YES_ERROR;
				CLANG_WARN_DOCUMENTATION_COMMENTS = YES;
				CLANG_WARN_EMPTY_BODY = YES;
				CLANG_WARN_ENUM_CONVERSION = YES;
				CLANG_WARN_INFINITE_RECURSION = YES;
				CLANG_WARN_INT_CONVERSION = YES;
				CLANG_WARN_NON_LITERAL_NULL_CONVERSION = YES;
				CLANG_WARN_OBJC_IMPLICIT_RETAIN_SELF = YES;
				CLANG_WARN_OBJC_LITERAL_CONVERSION = YES;
				CLANG_WARN_OBJC_ROOT_CLASS = YES_ERROR;
				CLANG_WARN_QUOTED_INCLUDE_IN_FRAMEWORK_HEADER = YES;
				CLANG_WARN_RANGE_LOOP_ANALYSIS = YES;
				CLANG_WARN_STRICT_PROTOTYPES = YES;
				CLANG_WARN_SUSPICIOUS_MOVE = YES;
				CLANG_WARN_UNGUARDED_AVAILABILITY = YES_AGGRESSIVE;
				CLANG_WARN_UNREACHABLE_CODE = YES;
				CLANG_WARN__DUPLICATE_METHOD_MATCH = YES;
				COPY_PHASE_STRIP = NO;
				DEBUG_INFORMATION_FORMAT = dwarf;
				ENABLE_STRICT_OBJC_MSGSEND = YES;
				ENABLE_TESTABILITY = YES;
				GCC_C_LANGUAGE_STANDARD = gnu11;
				GCC_DYNAMIC_NO_PIC = NO;
				GCC_NO_COMMON_BLOCKS = YES;
				GCC_OPTIMIZATION_LEVEL = 0;
				GCC_PREPROCESSOR_DEFINITIONS = (
					"DEBUG=1",
					"$(inherited)",
				);
				GCC_WARN_64_TO_32_BIT_CONVERSION = YES;
				GCC_WARN_ABOUT_RETURN_TYPE = YES_ERROR;
				GCC_WARN_UNDECLARED_SELECTOR = YES;
				GCC_WARN_UNINITIALIZED_AUTOS = YES_AGGRESSIVE;
				GCC_WARN_UNUSED_FUNCTION = YES;
				GCC_WARN_UNUSED_VARIABLE = YES;
				IPHONEOS_DEPLOYMENT_TARGET = 15.5;
				MTL_ENABLE_DEBUG_INFO = INCLUDE_SOURCE;
				MTL_FAST_MATH = YES;
				ONLY_ACTIVE_ARCH = YES;
				SDKROOT = iphoneos;
				SWIFT_ACTIVE_COMPILATION_CONDITIONS = DEBUG;
				SWIFT_OPTIMIZATION_LEVEL = "-Onone";
			};
			name = Debug;
		};
		4D7EC99F28391CC400530873 /* Release */ = {
			isa = XCBuildConfiguration;
			buildSettings = {
				ALWAYS_SEARCH_USER_PATHS = NO;
				CLANG_ANALYZER_NONNULL = YES;
				CLANG_ANALYZER_NUMBER_OBJECT_CONVERSION = YES_AGGRESSIVE;
				CLANG_CXX_LANGUAGE_STANDARD = "gnu++17";
				CLANG_ENABLE_MODULES = YES;
				CLANG_ENABLE_OBJC_ARC = YES;
				CLANG_ENABLE_OBJC_WEAK = YES;
				CLANG_WARN_BLOCK_CAPTURE_AUTORELEASING = YES;
				CLANG_WARN_BOOL_CONVERSION = YES;
				CLANG_WARN_COMMA = YES;
				CLANG_WARN_CONSTANT_CONVERSION = YES;
				CLANG_WARN_DEPRECATED_OBJC_IMPLEMENTATIONS = YES;
				CLANG_WARN_DIRECT_OBJC_ISA_USAGE = YES_ERROR;
				CLANG_WARN_DOCUMENTATION_COMMENTS = YES;
				CLANG_WARN_EMPTY_BODY = YES;
				CLANG_WARN_ENUM_CONVERSION = YES;
				CLANG_WARN_INFINITE_RECURSION = YES;
				CLANG_WARN_INT_CONVERSION = YES;
				CLANG_WARN_NON_LITERAL_NULL_CONVERSION = YES;
				CLANG_WARN_OBJC_IMPLICIT_RETAIN_SELF = YES;
				CLANG_WARN_OBJC_LITERAL_CONVERSION = YES;
				CLANG_WARN_OBJC_ROOT_CLASS = YES_ERROR;
				CLANG_WARN_QUOTED_INCLUDE_IN_FRAMEWORK_HEADER = YES;
				CLANG_WARN_RANGE_LOOP_ANALYSIS = YES;
				CLANG_WARN_STRICT_PROTOTYPES = YES;
				CLANG_WARN_SUSPICIOUS_MOVE = YES;
				CLANG_WARN_UNGUARDED_AVAILABILITY = YES_AGGRESSIVE;
				CLANG_WARN_UNREACHABLE_CODE = YES;
				CLANG_WARN__DUPLICATE_METHOD_MATCH = YES;
				COPY_PHASE_STRIP = NO;
				DEBUG_INFORMATION_FORMAT = "dwarf-with-dsym";
				ENABLE_NS_ASSERTIONS = NO;
				ENABLE_STRICT_OBJC_MSGSEND = YES;
				GCC_C_LANGUAGE_STANDARD = gnu11;
				GCC_NO_COMMON_BLOCKS = YES;
				GCC_WARN_64_TO_32_BIT_CONVERSION = YES;
				GCC_WARN_ABOUT_RETURN_TYPE = YES_ERROR;
				GCC_WARN_UNDECLARED_SELECTOR = YES;
				GCC_WARN_UNINITIALIZED_AUTOS = YES_AGGRESSIVE;
				GCC_WARN_UNUSED_FUNCTION = YES;
				GCC_WARN_UNUSED_VARIABLE = YES;
				IPHONEOS_DEPLOYMENT_TARGET = 15.5;
				MTL_ENABLE_DEBUG_INFO = NO;
				MTL_FAST_MATH = YES;
				SDKROOT = iphoneos;
				SWIFT_COMPILATION_MODE = wholemodule;
				SWIFT_OPTIMIZATION_LEVEL = "-O";
				VALIDATE_PRODUCT = YES;
			};
			name = Release;
		};
		4D7EC9A128391CC400530873 /* Debug */ = {
			isa = XCBuildConfiguration;
			buildSettings = {
				ASSETCATALOG_COMPILER_APPICON_NAME = AppIcon;
				ASSETCATALOG_COMPILER_GLOBAL_ACCENT_COLOR_NAME = AccentColor;
				CODE_SIGN_STYLE = Automatic;
				CURRENT_PROJECT_VERSION = 1;
				DEVELOPMENT_TEAM = S34BZ3639A;
				GENERATE_INFOPLIST_FILE = YES;
				INFOPLIST_FILE = AddMusicVK/App/Info.plist;
				INFOPLIST_KEY_UIApplicationSupportsIndirectInputEvents = YES;
				INFOPLIST_KEY_UILaunchStoryboardName = LaunchScreen;
				INFOPLIST_KEY_UIMainStoryboardFile = Main;
				INFOPLIST_KEY_UISupportedInterfaceOrientations_iPad = "UIInterfaceOrientationPortrait UIInterfaceOrientationPortraitUpsideDown UIInterfaceOrientationLandscapeLeft UIInterfaceOrientationLandscapeRight";
				INFOPLIST_KEY_UISupportedInterfaceOrientations_iPhone = "UIInterfaceOrientationPortrait UIInterfaceOrientationLandscapeLeft UIInterfaceOrientationLandscapeRight";
				IPHONEOS_DEPLOYMENT_TARGET = 15.5;
				LD_RUNPATH_SEARCH_PATHS = (
					"$(inherited)",
					"@executable_path/Frameworks",
				);
				MARKETING_VERSION = 1.0;
				PRODUCT_BUNDLE_IDENTIFIER = nastia.AddMusicVK;
				PRODUCT_NAME = "$(TARGET_NAME)";
				SWIFT_EMIT_LOC_STRINGS = YES;
				SWIFT_VERSION = 5.0;
				TARGETED_DEVICE_FAMILY = 1;
			};
			name = Debug;
		};
		4D7EC9A228391CC400530873 /* Release */ = {
			isa = XCBuildConfiguration;
			buildSettings = {
				ASSETCATALOG_COMPILER_APPICON_NAME = AppIcon;
				ASSETCATALOG_COMPILER_GLOBAL_ACCENT_COLOR_NAME = AccentColor;
				CODE_SIGN_STYLE = Automatic;
				CURRENT_PROJECT_VERSION = 1;
				DEVELOPMENT_TEAM = S34BZ3639A;
				GENERATE_INFOPLIST_FILE = YES;
				INFOPLIST_FILE = AddMusicVK/App/Info.plist;
				INFOPLIST_KEY_UIApplicationSupportsIndirectInputEvents = YES;
				INFOPLIST_KEY_UILaunchStoryboardName = LaunchScreen;
				INFOPLIST_KEY_UIMainStoryboardFile = Main;
				INFOPLIST_KEY_UISupportedInterfaceOrientations_iPad = "UIInterfaceOrientationPortrait UIInterfaceOrientationPortraitUpsideDown UIInterfaceOrientationLandscapeLeft UIInterfaceOrientationLandscapeRight";
				INFOPLIST_KEY_UISupportedInterfaceOrientations_iPhone = "UIInterfaceOrientationPortrait UIInterfaceOrientationLandscapeLeft UIInterfaceOrientationLandscapeRight";
				IPHONEOS_DEPLOYMENT_TARGET = 15.5;
				LD_RUNPATH_SEARCH_PATHS = (
					"$(inherited)",
					"@executable_path/Frameworks",
				);
				MARKETING_VERSION = 1.0;
				PRODUCT_BUNDLE_IDENTIFIER = nastia.AddMusicVK;
				PRODUCT_NAME = "$(TARGET_NAME)";
				SWIFT_EMIT_LOC_STRINGS = YES;
				SWIFT_VERSION = 5.0;
				TARGETED_DEVICE_FAMILY = 1;
			};
			name = Release;
		};
/* End XCBuildConfiguration section */

/* Begin XCConfigurationList section */
		4D7EC98728391CC200530873 /* Build configuration list for PBXProject "AddMusicVK" */ = {
			isa = XCConfigurationList;
			buildConfigurations = (
				4D7EC99E28391CC400530873 /* Debug */,
				4D7EC99F28391CC400530873 /* Release */,
			);
			defaultConfigurationIsVisible = 0;
			defaultConfigurationName = Release;
		};
		4D7EC9A028391CC400530873 /* Build configuration list for PBXNativeTarget "AddMusicVK" */ = {
			isa = XCConfigurationList;
			buildConfigurations = (
				4D7EC9A128391CC400530873 /* Debug */,
				4D7EC9A228391CC400530873 /* Release */,
			);
			defaultConfigurationIsVisible = 0;
			defaultConfigurationName = Release;
		};
/* End XCConfigurationList section */
	};
	rootObject = 4D7EC98428391CC200530873 /* Project object */;
}
